{
  "name": "pogodoc-sdks",
  "version": "1.0.0",
  "lockfileVersion": 3,
  "requires": true,
  "packages": {
    "": {
      "name": "pogodoc-sdks",
      "version": "1.0.0",
      "license": "ISC",
      "devDependencies": {
        "fern-api": "^0.61.18",
        "typescript": "^5.8.3"
      }
    },
    "node_modules/fern-api": {
      "version": "0.61.18",
      "resolved": "https://registry.npmjs.org/fern-api/-/fern-api-0.61.18.tgz",
      "integrity": "sha512-0VwD1waiNxqmd6wV1BcHQVlfNUA4gdCTV+emqTWP7Yg2JcAw4HULlxu5VBh1N/ZLOPQ7vgLiaE5N6E3XR34m0A==",
      "dev": true,
      "bin": {
        "fern": "cli.cjs"
      }
    },
    "node_modules/typescript": {
      "version": "5.8.3",
      "resolved": "https://registry.npmjs.org/typescript/-/typescript-5.8.3.tgz",
      "integrity": "sha512-p1diW6TqL9L07nNxvRMM7hMMw4c5XOo/1ibL4aAIGmSAt9slTE1Xgw5KWuof2uTOvCg9BY7ZRi+GaF+7sfgPeQ==",
      "dev": true,
      "bin": {
        "tsc": "bin/tsc",
        "tsserver": "bin/tsserver"
      },
      "engines": {
        "node": ">=14.17"
      }
    }
  }
}
