
Microsoft Visual Studio Solution File, Format Version 12.00
# Visual Studio Version 17
VisualStudioVersion = 17.0.31903.59
MinimumVisualStudioVersion = 10.0.40219.1
Project("{FAE04EC0-301F-11D3-BF4B-00C04F79EFBC}") = "PogodocApi", "PogodocApi\PogodocApi.csproj", "{89284419-47FF-435B-B37C-95B4F8EB1645}"
EndProject
Project("{FAE04EC0-301F-11D3-BF4B-00C04F79EFBC}") = "PogodocApi.Test", "PogodocApi.Test\PogodocApi.Test.csproj", "{43755E7F-8C95-43F2-B44C-386428B1932A}"
EndProject
Global
	GlobalSection(SolutionConfigurationPlatforms) = preSolution
		Debug|Any CPU = Debug|Any CPU
		Release|Any CPU = Release|Any CPU
	EndGlobalSection
	GlobalSection(SolutionProperties) = preSolution
		HideSolutionNode = FALSE
	EndGlobalSection
	GlobalSection(ProjectConfigurationPlatforms) = postSolution
		{89284419-47FF-435B-B37C-95B4F8EB1645}.Debug|Any CPU.ActiveCfg = Debug|Any CPU
		{89284419-47FF-435B-B37C-95B4F8EB1645}.Debug|Any CPU.Build.0 = Debug|Any CPU
		{89284419-47FF-435B-B37C-95B4F8EB1645}.Release|Any CPU.ActiveCfg = Release|Any CPU
		{89284419-47FF-435B-B37C-95B4F8EB1645}.Release|Any CPU.Build.0 = Release|Any CPU
		{43755E7F-8C95-43F2-B44C-386428B1932A}.Debug|Any CPU.ActiveCfg = Debug|Any CPU
		{43755E7F-8C95-43F2-B44C-386428B1932A}.Debug|Any CPU.Build.0 = Debug|Any CPU
		{43755E7F-8C95-43F2-B44C-386428B1932A}.Release|Any CPU.ActiveCfg = Release|Any CPU
		{43755E7F-8C95-43F2-B44C-386428B1932A}.Release|Any CPU.Build.0 = Release|Any CPU
	EndGlobalSection
EndGlobal
