
Microsoft Visual Studio Solution File, Format Version 12.00
# Visual Studio Version 17
VisualStudioVersion = 17.0.31903.59
MinimumVisualStudioVersion = 10.0.40219.1
Project("{FAE04EC0-301F-11D3-BF4B-00C04F79EFBC}") = "PogodocApi", "PogodocApi\PogodocApi.csproj", "{41F96AB4-43A5-476B-998E-880761799028}"
EndProject
Project("{FAE04EC0-301F-11D3-BF4B-00C04F79EFBC}") = "PogodocApi.Test", "PogodocApi.Test\PogodocApi.Test.csproj", "{3D0B41FE-0EA3-4FB9-BA9F-80C4528B539B}"
EndProject
Global
	GlobalSection(SolutionConfigurationPlatforms) = preSolution
		Debug|Any CPU = Debug|Any CPU
		Release|Any CPU = Release|Any CPU
	EndGlobalSection
	GlobalSection(SolutionProperties) = preSolution
		HideSolutionNode = FALSE
	EndGlobalSection
	GlobalSection(ProjectConfigurationPlatforms) = postSolution
		{41F96AB4-43A5-476B-998E-880761799028}.Debug|Any CPU.ActiveCfg = Debug|Any CPU
		{41F96AB4-43A5-476B-998E-880761799028}.Debug|Any CPU.Build.0 = Debug|Any CPU
		{41F96AB4-43A5-476B-998E-880761799028}.Release|Any CPU.ActiveCfg = Release|Any CPU
		{41F96AB4-43A5-476B-998E-880761799028}.Release|Any CPU.Build.0 = Release|Any CPU
		{3D0B41FE-0EA3-4FB9-BA9F-80C4528B539B}.Debug|Any CPU.ActiveCfg = Debug|Any CPU
		{3D0B41FE-0EA3-4FB9-BA9F-80C4528B539B}.Debug|Any CPU.Build.0 = Debug|Any CPU
		{3D0B41FE-0EA3-4FB9-BA9F-80C4528B539B}.Release|Any CPU.ActiveCfg = Release|Any CPU
		{3D0B41FE-0EA3-4FB9-BA9F-80C4528B539B}.Release|Any CPU.Build.0 = Release|Any CPU
	EndGlobalSection
EndGlobal
